{
  "originHash" : "c75f2390e0c601cc6ea1072b21db9d0115592f9480580625530cfe05f092c32a",
  "pins" : [
    {
      "identity" : "facebook-ios-sdk",
      "kind" : "remoteSourceControl",
      "location" : "https://github.com/facebook/facebook-ios-sdk",
      "state" : {
        "revision" : "c19607d535864533523d1f437c84035e5fb101cf",
        "version" : "14.1.0"
      }
    },
    {
      "identity" : "swift-deepar",
      "kind" : "remoteSourceControl",
      "location" : "https://github.com/DeepARSDK/swift-deepar",
      "state" : {
        "revision" : "81216283ab6757f8c91bba47961d39e5058577c0",
        "version" : "5.6.20"
      }
    }
  ],
  "version" : 3
}
